
Microsoft Visual Studio Solution File, Format Version 12.00
# Visual Studio Version 17
VisualStudioVersion = 17.13.35507.96 d17.13
MinimumVisualStudioVersion = 10.0.40219.1
Project("{FAE04EC0-301F-11D3-BF4B-00C04F79EFBC}") = "Keyboard Events - Topic 6", "Keyboard Events - Topic 6\Keyboard Events - Topic 6.csproj", "{914ADB3E-3376-4B0F-846D-66D66CFF932C}"
EndProject
Global
	GlobalSection(SolutionConfigurationPlatforms) = preSolution
		Debug|Any CPU = Debug|Any CPU
		Release|Any CPU = Release|Any CPU
	EndGlobalSection
	GlobalSection(ProjectConfigurationPlatforms) = postSolution
		{914ADB3E-3376-4B0F-846D-66D66CFF932C}.Debug|Any CPU.ActiveCfg = Debug|Any CPU
		{914ADB3E-3376-4B0F-846D-66D66CFF932C}.Debug|Any CPU.Build.0 = Debug|Any CPU
		{914ADB3E-3376-4B0F-846D-66D66CFF932C}.Release|Any CPU.ActiveCfg = Release|Any CPU
		{914ADB3E-3376-4B0F-846D-66D66CFF932C}.Release|Any CPU.Build.0 = Release|Any CPU
	EndGlobalSection
	GlobalSection(SolutionProperties) = preSolution
		HideSolutionNode = FALSE
	EndGlobalSection
	GlobalSection(ExtensibilityGlobals) = postSolution
		SolutionGuid = {B0746740-8BD2-4CA5-BC74-6EC1F0DADC33}
	EndGlobalSection
EndGlobal
